// !$*UTF8*$!
{
	archiveVersion = 1;
	classes = {
	};
	objectVersion = 50;
	objects = {

/* Begin PBXBuildFile section */
		823F5BFA2078D35C00CE99B3 /* AppDelegate.swift in Sources */ = {isa = PBXBuildFile; fileRef = 823F5BF92078D35C00CE99B3 /* AppDelegate.swift */; };
		823F5BFC2078D35C00CE99B3 /* ViewController.swift in Sources */ = {isa = PBXBuildFile; fileRef = 823F5BFB2078D35C00CE99B3 /* ViewController.swift */; };
		823F5BFF2078D35C00CE99B3 /* Main.storyboard in Resources */ = {isa = PBXBuildFile; fileRef = 823F5BFD2078D35C00CE99B3 /* Main.storyboard */; };
		823F5C012078D35D00CE99B3 /* Assets.xcassets in Resources */ = {isa = PBXBuildFile; fileRef = 823F5C002078D35D00CE99B3 /* Assets.xcassets */; };
		823F5C042078D35D00CE99B3 /* LaunchScreen.storyboard in Resources */ = {isa = PBXBuildFile; fileRef = 823F5C022078D35D00CE99B3 /* LaunchScreen.storyboard */; };
		824149B1207A8E4B0030B462 /* CardUtils.swift in Sources */ = {isa = PBXBuildFile; fileRef = 824149B0207A8E4B0030B462 /* CardUtils.swift */; };
		8245815C2079E96000ADE16E /* Card.swift in Sources */ = {isa = PBXBuildFile; fileRef = 8245815B2079E96000ADE16E /* Card.swift */; };
		827E091C207B5D8700EDFC09 /* points.wav in Resources */ = {isa = PBXBuildFile; fileRef = 827E091B207B5D8600EDFC09 /* points.wav */; };
/* End PBXBuildFile section */

/* Begin PBXFileReference section */
		823F5BF62078D35C00CE99B3 /* FlipIt.app */ = {isa = PBXFileReference; explicitFileType = wrapper.application; includeInIndex = 0; path = FlipIt.app; sourceTree = BUILT_PRODUCTS_DIR; };
		823F5BF92078D35C00CE99B3 /* AppDelegate.swift */ = {isa = PBXFileReference; lastKnownFileType = sourcecode.swift; path = AppDelegate.swift; sourceTree = "<group>"; };
		823F5BFB2078D35C00CE99B3 /* ViewController.swift */ = {isa = PBXFileReference; lastKnownFileType = sourcecode.swift; path = ViewController.swift; sourceTree = "<group>"; };
		823F5BFE2078D35C00CE99B3 /* Base */ = {isa = PBXFileReference; lastKnownFileType = file.storyboard; name = Base; path = Base.lproj/Main.storyboard; sourceTree = "<group>"; };
		823F5C002078D35D00CE99B3 /* Assets.xcassets */ = {isa = PBXFileReference; lastKnownFileType = folder.assetcatalog; path = Assets.xcassets; sourceTree = "<group>"; };
		823F5C032078D35D00CE99B3 /* Base */ = {isa = PBXFileReference; lastKnownFileType = file.storyboard; name = Base; path = Base.lproj/LaunchScreen.storyboard; sourceTree = "<group>"; };
		823F5C052078D35D00CE99B3 /* Info.plist */ = {isa = PBXFileReference; lastKnownFileType = text.plist.xml; path = Info.plist; sourceTree = "<group>"; };
		824149B0207A8E4B0030B462 /* CardUtils.swift */ = {isa = PBXFileReference; lastKnownFileType = sourcecode.swift; path = CardUtils.swift; sourceTree = "<group>"; };
		8245815B2079E96000ADE16E /* Card.swift */ = {isa = PBXFileReference; lastKnownFileType = sourcecode.swift; path = Card.swift; sourceTree = "<group>"; };
		827E091B207B5D8600EDFC09 /* points.wav */ = {isa = PBXFileReference; lastKnownFileType = audio.wav; path = points.wav; sourceTree = "<group>"; };
/* End PBXFileReference section */

/* Begin PBXFrameworksBuildPhase section */
		823F5BF32078D35C00CE99B3 /* Frameworks */ = {
			isa = PBXFrameworksBuildPhase;
			buildActionMask = 2147483647;
			files = (
			);
			runOnlyForDeploymentPostprocessing = 0;
		};
/* End PBXFrameworksBuildPhase section */

/* Begin PBXGroup section */
		823F5BED2078D35C00CE99B3 = {
			isa = PBXGroup;
			children = (
				823F5BF82078D35C00CE99B3 /* FlipIt */,
				823F5BF72078D35C00CE99B3 /* Products */,
			);
			sourceTree = "<group>";
		};
		823F5BF72078D35C00CE99B3 /* Products */ = {
			isa = PBXGroup;
			children = (
				823F5BF62078D35C00CE99B3 /* FlipIt.app */,
			);
			name = Products;
			sourceTree = "<group>";
		};
		823F5BF82078D35C00CE99B3 /* FlipIt */ = {
			isa = PBXGroup;
			children = (
				827E091B207B5D8600EDFC09 /* points.wav */,
				824149AF207A8E3B0030B462 /* utils */,
				8245815A2079D99700ADE16E /* controllers */,
				824581592079D98C00ADE16E /* views */,
				824581572079D94500ADE16E /* models */,
				823F5BF92078D35C00CE99B3 /* AppDelegate.swift */,
				823F5BFD2078D35C00CE99B3 /* Main.storyboard */,
				823F5C002078D35D00CE99B3 /* Assets.xcassets */,
				823F5C022078D35D00CE99B3 /* LaunchScreen.storyboard */,
				823F5C052078D35D00CE99B3 /* Info.plist */,
			);
			path = FlipIt;
			sourceTree = "<group>";
		};
		824149AF207A8E3B0030B462 /* utils */ = {
			isa = PBXGroup;
			children = (
				824149B0207A8E4B0030B462 /* CardUtils.swift */,
			);
			path = utils;
			sourceTree = "<group>";
		};
		824581572079D94500ADE16E /* models */ = {
			isa = PBXGroup;
			children = (
				8245815B2079E96000ADE16E /* Card.swift */,
			);
			path = models;
			sourceTree = "<group>";
		};
		824581592079D98C00ADE16E /* views */ = {
			isa = PBXGroup;
			children = (
			);
			path = views;
			sourceTree = "<group>";
		};
		8245815A2079D99700ADE16E /* controllers */ = {
			isa = PBXGroup;
			children = (
				823F5BFB2078D35C00CE99B3 /* ViewController.swift */,
			);
			path = controllers;
			sourceTree = "<group>";
		};
/* End PBXGroup section */

/* Begin PBXNativeTarget section */
		823F5BF52078D35C00CE99B3 /* FlipIt */ = {
			isa = PBXNativeTarget;
			buildConfigurationList = 823F5C082078D35D00CE99B3 /* Build configuration list for PBXNativeTarget "FlipIt" */;
			buildPhases = (
				823F5BF22078D35C00CE99B3 /* Sources */,
				823F5BF32078D35C00CE99B3 /* Frameworks */,
				823F5BF42078D35C00CE99B3 /* Resources */,
			);
			buildRules = (
			);
			dependencies = (
			);
			name = FlipIt;
			productName = FlipIt;
			productReference = 823F5BF62078D35C00CE99B3 /* FlipIt.app */;
			productType = "com.apple.product-type.application";
		};
/* End PBXNativeTarget section */

/* Begin PBXProject section */
		823F5BEE2078D35C00CE99B3 /* Project object */ = {
			isa = PBXProject;
			attributes = {
				LastSwiftUpdateCheck = 0930;
				LastUpgradeCheck = 0930;
				ORGANIZATIONNAME = theapache64;
				TargetAttributes = {
					823F5BF52078D35C00CE99B3 = {
						CreatedOnToolsVersion = 9.3;
					};
				};
			};
			buildConfigurationList = 823F5BF12078D35C00CE99B3 /* Build configuration list for PBXProject "FlipIt" */;
			compatibilityVersion = "Xcode 9.3";
			developmentRegion = en;
			hasScannedForEncodings = 0;
			knownRegions = (
				en,
				Base,
			);
			mainGroup = 823F5BED2078D35C00CE99B3;
			productRefGroup = 823F5BF72078D35C00CE99B3 /* Products */;
			projectDirPath = "";
			projectRoot = "";
			targets = (
				823F5BF52078D35C00CE99B3 /* FlipIt */,
			);
		};
/* End PBXProject section */

/* Begin PBXResourcesBuildPhase section */
		823F5BF42078D35C00CE99B3 /* Resources */ = {
			isa = PBXResourcesBuildPhase;
			buildActionMask = 2147483647;
			files = (
				823F5C042078D35D00CE99B3 /* LaunchScreen.storyboard in Resources */,
				823F5C012078D35D00CE99B3 /* Assets.xcassets in Resources */,
				823F5BFF2078D35C00CE99B3 /* Main.storyboard in Resources */,
				827E091C207B5D8700EDFC09 /* points.wav in Resources */,
			);
			runOnlyForDeploymentPostprocessing = 0;
		};
/* End PBXResourcesBuildPhase section */

/* Begin PBXSourcesBuildPhase section */
		823F5BF22078D35C00CE99B3 /* Sources */ = {
			isa = PBXSourcesBuildPhase;
			buildActionMask = 2147483647;
			files = (
				823F5BFC2078D35C00CE99B3 /* ViewController.swift in Sources */,
				824149B1207A8E4B0030B462 /* CardUtils.swift in Sources */,
				8245815C2079E96000ADE16E /* Card.swift in Sources */,
				823F5BFA2078D35C00CE99B3 /* AppDelegate.swift in Sources */,
			);
			runOnlyForDeploymentPostprocessing = 0;
		};
/* End PBXSourcesBuildPhase section */

/* Begin PBXVariantGroup section */
		823F5BFD2078D35C00CE99B3 /* Main.storyboard */ = {
			isa = PBXVariantGroup;
			children = (
				823F5BFE2078D35C00CE99B3 /* Base */,
			);
			name = Main.storyboard;
			sourceTree = "<group>";
		};
		823F5C022078D35D00CE99B3 /* LaunchScreen.storyboard */ = {
			isa = PBXVariantGroup;
			children = (
				823F5C032078D35D00CE99B3 /* Base */,
			);
			name = LaunchScreen.storyboard;
			sourceTree = "<group>";
		};
/* End PBXVariantGroup section */

/* Begin XCBuildConfiguration section */
		823F5C062078D35D00CE99B3 /* Debug */ = {
			isa = XCBuildConfiguration;
			buildSettings = {
				ALWAYS_SEARCH_USER_PATHS = NO;
				CLANG_ANALYZER_NONNULL = YES;
				CLANG_ANALYZER_NUMBER_OBJECT_CONVERSION = YES_AGGRESSIVE;
				CLANG_CXX_LANGUAGE_STANDARD = "gnu++14";
				CLANG_CXX_LIBRARY = "libc++";
				CLANG_ENABLE_MODULES = YES;
				CLANG_ENABLE_OBJC_ARC = YES;
				CLANG_ENABLE_OBJC_WEAK = YES;
				CLANG_WARN_BLOCK_CAPTURE_AUTORELEASING = YES;
				CLANG_WARN_BOOL_CONVERSION = YES;
				CLANG_WARN_COMMA = YES;
				CLANG_WARN_CONSTANT_CONVERSION = YES;
				CLANG_WARN_DEPRECATED_OBJC_IMPLEMENTATIONS = YES;
				CLANG_WARN_DIRECT_OBJC_ISA_USAGE = YES_ERROR;
				CLANG_WARN_DOCUMENTATION_COMMENTS = YES;
				CLANG_WARN_EMPTY_BODY = YES;
				CLANG_WARN_ENUM_CONVERSION = YES;
				CLANG_WARN_INFINITE_RECURSION = YES;
				CLANG_WARN_INT_CONVERSION = YES;
				CLANG_WARN_NON_LITERAL_NULL_CONVERSION = YES;
				CLANG_WARN_OBJC_IMPLICIT_RETAIN_SELF = YES;
				CLANG_WARN_OBJC_LITERAL_CONVERSION = YES;
				CLANG_WARN_OBJC_ROOT_CLASS = YES_ERROR;
				CLANG_WARN_RANGE_LOOP_ANALYSIS = YES;
				CLANG_WARN_STRICT_PROTOTYPES = YES;
				CLANG_WARN_SUSPICIOUS_MOVE = YES;
				CLANG_WARN_UNGUARDED_AVAILABILITY = YES_AGGRESSIVE;
				CLANG_WARN_UNREACHABLE_CODE = YES;
				CLANG_WARN__DUPLICATE_METHOD_MATCH = YES;
				CODE_SIGN_IDENTITY = "iPhone Developer";
				COPY_PHASE_STRIP = NO;
				DEBUG_INFORMATION_FORMAT = dwarf;
				ENABLE_STRICT_OBJC_MSGSEND = YES;
				ENABLE_TESTABILITY = YES;
				GCC_C_LANGUAGE_STANDARD = gnu11;
				GCC_DYNAMIC_NO_PIC = NO;
				GCC_NO_COMMON_BLOCKS = YES;
				GCC_OPTIMIZATION_LEVEL = 0;
				GCC_PREPROCESSOR_DEFINITIONS = (
					"DEBUG=1",
					"$(inherited)",
				);
				GCC_WARN_64_TO_32_BIT_CONVERSION = YES;
				GCC_WARN_ABOUT_RETURN_TYPE = YES_ERROR;
				GCC_WARN_UNDECLARED_SELECTOR = YES;
				GCC_WARN_UNINITIALIZED_AUTOS = YES_AGGRESSIVE;
				GCC_WARN_UNUSED_FUNCTION = YES;
				GCC_WARN_UNUSED_VARIABLE = YES;
				IPHONEOS_DEPLOYMENT_TARGET = 8.0;
				MTL_ENABLE_DEBUG_INFO = YES;
				ONLY_ACTIVE_ARCH = YES;
				SDKROOT = iphoneos;
				SWIFT_ACTIVE_COMPILATION_CONDITIONS = DEBUG;
				SWIFT_OPTIMIZATION_LEVEL = "-Onone";
			};
			name = Debug;
		};
		823F5C072078D35D00CE99B3 /* Release */ = {
			isa = XCBuildConfiguration;
			buildSettings = {
				ALWAYS_SEARCH_USER_PATHS = NO;
				CLANG_ANALYZER_NONNULL = YES;
				CLANG_ANALYZER_NUMBER_OBJECT_CONVERSION = YES_AGGRESSIVE;
				CLANG_CXX_LANGUAGE_STANDARD = "gnu++14";
				CLANG_CXX_LIBRARY = "libc++";
				CLANG_ENABLE_MODULES = YES;
				CLANG_ENABLE_OBJC_ARC = YES;
				CLANG_ENABLE_OBJC_WEAK = YES;
				CLANG_WARN_BLOCK_CAPTURE_AUTORELEASING = YES;
				CLANG_WARN_BOOL_CONVERSION = YES;
				CLANG_WARN_COMMA = YES;
				CLANG_WARN_CONSTANT_CONVERSION = YES;
				CLANG_WARN_DEPRECATED_OBJC_IMPLEMENTATIONS = YES;
				CLANG_WARN_DIRECT_OBJC_ISA_USAGE = YES_ERROR;
				CLANG_WARN_DOCUMENTATION_COMMENTS = YES;
				CLANG_WARN_EMPTY_BODY = YES;
				CLANG_WARN_ENUM_CONVERSION = YES;
				CLANG_WARN_INFINITE_RECURSION = YES;
				CLANG_WARN_INT_CONVERSION = YES;
				CLANG_WARN_NON_LITERAL_NULL_CONVERSION = YES;
				CLANG_WARN_OBJC_IMPLICIT_RETAIN_SELF = YES;
				CLANG_WARN_OBJC_LITERAL_CONVERSION = YES;
				CLANG_WARN_OBJC_ROOT_CLASS = YES_ERROR;
				CLANG_WARN_RANGE_LOOP_ANALYSIS = YES;
				CLANG_WARN_STRICT_PROTOTYPES = YES;
				CLANG_WARN_SUSPICIOUS_MOVE = YES;
				CLANG_WARN_UNGUARDED_AVAILABILITY = YES_AGGRESSIVE;
				CLANG_WARN_UNREACHABLE_CODE = YES;
				CLANG_WARN__DUPLICATE_METHOD_MATCH = YES;
				CODE_SIGN_IDENTITY = "iPhone Developer";
				COPY_PHASE_STRIP = NO;
				DEBUG_INFORMATION_FORMAT = "dwarf-with-dsym";
				ENABLE_NS_ASSERTIONS = NO;
				ENABLE_STRICT_OBJC_MSGSEND = YES;
				GCC_C_LANGUAGE_STANDARD = gnu11;
				GCC_NO_COMMON_BLOCKS = YES;
				GCC_WARN_64_TO_32_BIT_CONVERSION = YES;
				GCC_WARN_ABOUT_RETURN_TYPE = YES_ERROR;
				GCC_WARN_UNDECLARED_SELECTOR = YES;
				GCC_WARN_UNINITIALIZED_AUTOS = YES_AGGRESSIVE;
				GCC_WARN_UNUSED_FUNCTION = YES;
				GCC_WARN_UNUSED_VARIABLE = YES;
				IPHONEOS_DEPLOYMENT_TARGET = 8.0;
				MTL_ENABLE_DEBUG_INFO = NO;
				SDKROOT = iphoneos;
				SWIFT_COMPILATION_MODE = wholemodule;
				SWIFT_OPTIMIZATION_LEVEL = "-O";
				VALIDATE_PRODUCT = YES;
			};
			name = Release;
		};
		823F5C092078D35D00CE99B3 /* Debug */ = {
			isa = XCBuildConfiguration;
			buildSettings = {
				ASSETCATALOG_COMPILER_APPICON_NAME = AppIcon;
				CODE_SIGN_STYLE = Automatic;
				DEVELOPMENT_TEAM = UE99Y49584;
				INFOPLIST_FILE = FlipIt/Info.plist;
				IPHONEOS_DEPLOYMENT_TARGET = 8.0;
				LD_RUNPATH_SEARCH_PATHS = (
					"$(inherited)",
					"@executable_path/Frameworks",
				);
				PRODUCT_BUNDLE_IDENTIFIER = com.theah64.ios.FlipIt;
				PRODUCT_NAME = "$(TARGET_NAME)";
				SWIFT_VERSION = 4.0;
				TARGETED_DEVICE_FAMILY = "1,2";
			};
			name = Debug;
		};
		823F5C0A2078D35D00CE99B3 /* Release */ = {
			isa = XCBuildConfiguration;
			buildSettings = {
				ASSETCATALOG_COMPILER_APPICON_NAME = AppIcon;
				CODE_SIGN_STYLE = Automatic;
				DEVELOPMENT_TEAM = UE99Y49584;
				INFOPLIST_FILE = FlipIt/Info.plist;
				IPHONEOS_DEPLOYMENT_TARGET = 8.0;
				LD_RUNPATH_SEARCH_PATHS = (
					"$(inherited)",
					"@executable_path/Frameworks",
				);
				PRODUCT_BUNDLE_IDENTIFIER = com.theah64.ios.FlipIt;
				PRODUCT_NAME = "$(TARGET_NAME)";
				SWIFT_VERSION = 4.0;
				TARGETED_DEVICE_FAMILY = "1,2";
			};
			name = Release;
		};
/* End XCBuildConfiguration section */

/* Begin XCConfigurationList section */
		823F5BF12078D35C00CE99B3 /* Build configuration list for PBXProject "FlipIt" */ = {
			isa = XCConfigurationList;
			buildConfigurations = (
				823F5C062078D35D00CE99B3 /* Debug */,
				823F5C072078D35D00CE99B3 /* Release */,
			);
			defaultConfigurationIsVisible = 0;
			defaultConfigurationName = Release;
		};
		823F5C082078D35D00CE99B3 /* Build configuration list for PBXNativeTarget "FlipIt" */ = {
			isa = XCConfigurationList;
			buildConfigurations = (
				823F5C092078D35D00CE99B3 /* Debug */,
				823F5C0A2078D35D00CE99B3 /* Release */,
			);
			defaultConfigurationIsVisible = 0;
			defaultConfigurationName = Release;
		};
/* End XCConfigurationList section */
	};
	rootObject = 823F5BEE2078D35C00CE99B3 /* Project object */;
}
